
Microsoft Visual Studio Solution File, Format Version 12.00
# Visual Studio Version 17
VisualStudioVersion = 17.0.31903.59
MinimumVisualStudioVersion = 10.0.40219.1
Project("{2150E333-8FDC-42A3-9474-1A3956D46DE8}") = "class", "class", "{32F5EC00-5D16-4B78-9F9D-A05FB13B04BA}"
EndProject
Project("{FAE04EC0-301F-11D3-BF4B-00C04F79EFBC}") = "enerji_yonetimi", "class\enerji_yonetimi\enerji_yonetimi.csproj", "{8F489AEC-2B64-43DC-A204-D6ECB127D102}"
EndProject
Global
	GlobalSection(SolutionConfigurationPlatforms) = preSolution
		Debug|Any CPU = Debug|Any CPU
		Release|Any CPU = Release|Any CPU
	EndGlobalSection
	GlobalSection(SolutionProperties) = preSolution
		HideSolutionNode = FALSE
	EndGlobalSection
	GlobalSection(ProjectConfigurationPlatforms) = postSolution
		{8F489AEC-2B64-43DC-A204-D6ECB127D102}.Debug|Any CPU.ActiveCfg = Debug|Any CPU
		{8F489AEC-2B64-43DC-A204-D6ECB127D102}.Debug|Any CPU.Build.0 = Debug|Any CPU
		{8F489AEC-2B64-43DC-A204-D6ECB127D102}.Release|Any CPU.ActiveCfg = Release|Any CPU
		{8F489AEC-2B64-43DC-A204-D6ECB127D102}.Release|Any CPU.Build.0 = Release|Any CPU
	EndGlobalSection
	GlobalSection(NestedProjects) = preSolution
		{8F489AEC-2B64-43DC-A204-D6ECB127D102} = {32F5EC00-5D16-4B78-9F9D-A05FB13B04BA}
	EndGlobalSection
EndGlobal
